# Generated by pub
# See http://pub.dartlang.org/doc/glossary.html#lockfile
packages:
  args:
    description:
      name: args
      url: "https://pub.dartlang.org"
    source: hosted
    version: "1.5.1"
  charcode:
    description:
      name: charcode
      url: "https://pub.dartlang.org"
    source: hosted
    version: "1.1.2"
  collection:
    description:
      name: collection
      url: "https://pub.dartlang.org"
    source: hosted
    version: "1.14.6"
  csv:
    description:
      name: csv
      url: "https://pub.dartlang.org"
    source: hosted
    version: "3.3.0"
  meta:
    description:
      name: meta
      url: "https://pub.dartlang.org"
    source: hosted
    version: "1.1.6"
  path:
    description:
      name: path
      url: "https://pub.dartlang.org"
    source: hosted
    version: "1.5.1"
  pub_semver:
    description:
      name: pub_semver
      url: "https://pub.dartlang.org"
    source: hosted
    version: "1.4.2"
  source_span:
    description:
      name: source_span
      url: "https://pub.dartlang.org"
    source: hosted
    version: "1.4.1"
  string_scanner:
    description:
      name: string_scanner
      url: "https://pub.dartlang.org"
    source: hosted
    version: "1.0.4"
  yaml:
    description:
      name: yaml
      url: "https://pub.dartlang.org"
    source: hosted
    version: "2.1.13"
sdks:
  dart: ">=1.24.3 <2.0.0"
